
Microsoft Visual Studio Solution File, Format Version 12.00
# Visual Studio 14
VisualStudioVersion = 14.0.25123.0
MinimumVisualStudioVersion = 10.0.40219.1
Project("{FAE04EC0-301F-11D3-BF4B-00C04F79EFBC}") = "Mobile_App_Xamarin_Native.Droid", "Mobile-App-Xamarin-Native\Mobile_App_Xamarin_Native.Droid\Mobile_App_Xamarin_Native.Droid.csproj", "{7B002BE3-D3E2-41BB-8FD5-675B5519A206}"
EndProject
Project("{FAE04EC0-301F-11D3-BF4B-00C04F79EFBC}") = "Mobile_App_Xamarin_Native.iOS", "Mobile-App-Xamarin-Native\Mobile_App_Xamarin_Native.iOS\Mobile_App_Xamarin_Native.iOS.csproj", "{64B5ACA3-6352-41FD-AC68-DAD78CF5FD5A}"
EndProject
Project("{FAE04EC0-301F-11D3-BF4B-00C04F79EFBC}") = "Mobile_App_Xamarin_Native.WinPhone", "Mobile-App-Xamarin-Native\Mobile_App_Xamarin_Native.WinPhone\Mobile_App_Xamarin_Native.WinPhone.csproj", "{04F3501F-2A34-42DF-98B7-90A1A21CC11D}"
EndProject
Project("{FAE04EC0-301F-11D3-BF4B-00C04F79EFBC}") = "Mobile_App_Xamarin_Native", "Mobile-App-Xamarin-Native\Mobile_App_Xamarin_Native\Mobile_App_Xamarin_Native.csproj", "{38FD12EC-DDBB-4DC7-967D-F4B1B57E902C}"
EndProject
Global
	GlobalSection(SolutionConfigurationPlatforms) = preSolution
		AppStore|Any CPU = AppStore|Any CPU
		AppStore|ARM = AppStore|ARM
		AppStore|iPhone = AppStore|iPhone
		AppStore|iPhoneSimulator = AppStore|iPhoneSimulator
		AppStore|x86 = AppStore|x86
		Debug|Any CPU = Debug|Any CPU
		Debug|ARM = Debug|ARM
		Debug|iPhone = Debug|iPhone
		Debug|iPhoneSimulator = Debug|iPhoneSimulator
		Debug|x86 = Debug|x86
		Release|Any CPU = Release|Any CPU
		Release|ARM = Release|ARM
		Release|iPhone = Release|iPhone
		Release|iPhoneSimulator = Release|iPhoneSimulator
		Release|x86 = Release|x86
	EndGlobalSection
	GlobalSection(ProjectConfigurationPlatforms) = postSolution
		{7B002BE3-D3E2-41BB-8FD5-675B5519A206}.AppStore|Any CPU.ActiveCfg = Release|Any CPU
		{7B002BE3-D3E2-41BB-8FD5-675B5519A206}.AppStore|Any CPU.Build.0 = Release|Any CPU
		{7B002BE3-D3E2-41BB-8FD5-675B5519A206}.AppStore|Any CPU.Deploy.0 = Release|Any CPU
		{7B002BE3-D3E2-41BB-8FD5-675B5519A206}.AppStore|ARM.ActiveCfg = Release|Any CPU
		{7B002BE3-D3E2-41BB-8FD5-675B5519A206}.AppStore|ARM.Build.0 = Release|Any CPU
		{7B002BE3-D3E2-41BB-8FD5-675B5519A206}.AppStore|ARM.Deploy.0 = Release|Any CPU
		{7B002BE3-D3E2-41BB-8FD5-675B5519A206}.AppStore|iPhone.ActiveCfg = Release|Any CPU
		{7B002BE3-D3E2-41BB-8FD5-675B5519A206}.AppStore|iPhone.Build.0 = Release|Any CPU
		{7B002BE3-D3E2-41BB-8FD5-675B5519A206}.AppStore|iPhone.Deploy.0 = Release|Any CPU
		{7B002BE3-D3E2-41BB-8FD5-675B5519A206}.AppStore|iPhoneSimulator.ActiveCfg = Release|Any CPU
		{7B002BE3-D3E2-41BB-8FD5-675B5519A206}.AppStore|iPhoneSimulator.Build.0 = Release|Any CPU
		{7B002BE3-D3E2-41BB-8FD5-675B5519A206}.AppStore|iPhoneSimulator.Deploy.0 = Release|Any CPU
		{7B002BE3-D3E2-41BB-8FD5-675B5519A206}.AppStore|x86.ActiveCfg = Release|Any CPU
		{7B002BE3-D3E2-41BB-8FD5-675B5519A206}.AppStore|x86.Build.0 = Release|Any CPU
		{7B002BE3-D3E2-41BB-8FD5-675B5519A206}.AppStore|x86.Deploy.0 = Release|Any CPU
		{7B002BE3-D3E2-41BB-8FD5-675B5519A206}.Debug|Any CPU.ActiveCfg = Debug|Any CPU
		{7B002BE3-D3E2-41BB-8FD5-675B5519A206}.Debug|Any CPU.Build.0 = Debug|Any CPU
		{7B002BE3-D3E2-41BB-8FD5-675B5519A206}.Debug|Any CPU.Deploy.0 = Debug|Any CPU
		{7B002BE3-D3E2-41BB-8FD5-675B5519A206}.Debug|ARM.ActiveCfg = Debug|Any CPU
		{7B002BE3-D3E2-41BB-8FD5-675B5519A206}.Debug|ARM.Build.0 = Debug|Any CPU
		{7B002BE3-D3E2-41BB-8FD5-675B5519A206}.Debug|ARM.Deploy.0 = Debug|Any CPU
		{7B002BE3-D3E2-41BB-8FD5-675B5519A206}.Debug|iPhone.ActiveCfg = Debug|Any CPU
		{7B002BE3-D3E2-41BB-8FD5-675B5519A206}.Debug|iPhone.Build.0 = Debug|Any CPU
		{7B002BE3-D3E2-41BB-8FD5-675B5519A206}.Debug|iPhone.Deploy.0 = Debug|Any CPU
		{7B002BE3-D3E2-41BB-8FD5-675B5519A206}.Debug|iPhoneSimulator.ActiveCfg = Debug|Any CPU
		{7B002BE3-D3E2-41BB-8FD5-675B5519A206}.Debug|iPhoneSimulator.Build.0 = Debug|Any CPU
		{7B002BE3-D3E2-41BB-8FD5-675B5519A206}.Debug|iPhoneSimulator.Deploy.0 = Debug|Any CPU
		{7B002BE3-D3E2-41BB-8FD5-675B5519A206}.Debug|x86.ActiveCfg = Debug|Any CPU
		{7B002BE3-D3E2-41BB-8FD5-675B5519A206}.Debug|x86.Build.0 = Debug|Any CPU
		{7B002BE3-D3E2-41BB-8FD5-675B5519A206}.Debug|x86.Deploy.0 = Debug|Any CPU
		{7B002BE3-D3E2-41BB-8FD5-675B5519A206}.Release|Any CPU.ActiveCfg = Release|Any CPU
		{7B002BE3-D3E2-41BB-8FD5-675B5519A206}.Release|Any CPU.Build.0 = Release|Any CPU
		{7B002BE3-D3E2-41BB-8FD5-675B5519A206}.Release|Any CPU.Deploy.0 = Release|Any CPU
		{7B002BE3-D3E2-41BB-8FD5-675B5519A206}.Release|ARM.ActiveCfg = Release|Any CPU
		{7B002BE3-D3E2-41BB-8FD5-675B5519A206}.Release|ARM.Build.0 = Release|Any CPU
		{7B002BE3-D3E2-41BB-8FD5-675B5519A206}.Release|ARM.Deploy.0 = Release|Any CPU
		{7B002BE3-D3E2-41BB-8FD5-675B5519A206}.Release|iPhone.ActiveCfg = Release|Any CPU
		{7B002BE3-D3E2-41BB-8FD5-675B5519A206}.Release|iPhone.Build.0 = Release|Any CPU
		{7B002BE3-D3E2-41BB-8FD5-675B5519A206}.Release|iPhone.Deploy.0 = Release|Any CPU
		{7B002BE3-D3E2-41BB-8FD5-675B5519A206}.Release|iPhoneSimulator.ActiveCfg = Release|Any CPU
		{7B002BE3-D3E2-41BB-8FD5-675B5519A206}.Release|iPhoneSimulator.Build.0 = Release|Any CPU
		{7B002BE3-D3E2-41BB-8FD5-675B5519A206}.Release|iPhoneSimulator.Deploy.0 = Release|Any CPU
		{7B002BE3-D3E2-41BB-8FD5-675B5519A206}.Release|x86.ActiveCfg = Release|Any CPU
		{7B002BE3-D3E2-41BB-8FD5-675B5519A206}.Release|x86.Build.0 = Release|Any CPU
		{7B002BE3-D3E2-41BB-8FD5-675B5519A206}.Release|x86.Deploy.0 = Release|Any CPU
		{64B5ACA3-6352-41FD-AC68-DAD78CF5FD5A}.AppStore|Any CPU.ActiveCfg = AppStore|iPhone
		{64B5ACA3-6352-41FD-AC68-DAD78CF5FD5A}.AppStore|ARM.ActiveCfg = AppStore|iPhone
		{64B5ACA3-6352-41FD-AC68-DAD78CF5FD5A}.AppStore|iPhone.ActiveCfg = AppStore|iPhone
		{64B5ACA3-6352-41FD-AC68-DAD78CF5FD5A}.AppStore|iPhone.Build.0 = AppStore|iPhone
		{64B5ACA3-6352-41FD-AC68-DAD78CF5FD5A}.AppStore|iPhoneSimulator.ActiveCfg = AppStore|iPhoneSimulator
		{64B5ACA3-6352-41FD-AC68-DAD78CF5FD5A}.AppStore|iPhoneSimulator.Build.0 = AppStore|iPhoneSimulator
		{64B5ACA3-6352-41FD-AC68-DAD78CF5FD5A}.AppStore|x86.ActiveCfg = AppStore|iPhone
		{64B5ACA3-6352-41FD-AC68-DAD78CF5FD5A}.Debug|Any CPU.ActiveCfg = Debug|iPhone
		{64B5ACA3-6352-41FD-AC68-DAD78CF5FD5A}.Debug|ARM.ActiveCfg = Debug|iPhone
		{64B5ACA3-6352-41FD-AC68-DAD78CF5FD5A}.Debug|iPhone.ActiveCfg = Debug|iPhone
		{64B5ACA3-6352-41FD-AC68-DAD78CF5FD5A}.Debug|iPhone.Build.0 = Debug|iPhone
		{64B5ACA3-6352-41FD-AC68-DAD78CF5FD5A}.Debug|iPhoneSimulator.ActiveCfg = Debug|iPhoneSimulator
		{64B5ACA3-6352-41FD-AC68-DAD78CF5FD5A}.Debug|iPhoneSimulator.Build.0 = Debug|iPhoneSimulator
		{64B5ACA3-6352-41FD-AC68-DAD78CF5FD5A}.Debug|x86.ActiveCfg = Debug|iPhone
		{64B5ACA3-6352-41FD-AC68-DAD78CF5FD5A}.Release|Any CPU.ActiveCfg = Release|iPhone
		{64B5ACA3-6352-41FD-AC68-DAD78CF5FD5A}.Release|ARM.ActiveCfg = Release|iPhone
		{64B5ACA3-6352-41FD-AC68-DAD78CF5FD5A}.Release|iPhone.ActiveCfg = Release|iPhone
		{64B5ACA3-6352-41FD-AC68-DAD78CF5FD5A}.Release|iPhone.Build.0 = Release|iPhone
		{64B5ACA3-6352-41FD-AC68-DAD78CF5FD5A}.Release|iPhoneSimulator.ActiveCfg = Release|iPhoneSimulator
		{64B5ACA3-6352-41FD-AC68-DAD78CF5FD5A}.Release|iPhoneSimulator.Build.0 = Release|iPhoneSimulator
		{64B5ACA3-6352-41FD-AC68-DAD78CF5FD5A}.Release|x86.ActiveCfg = Release|iPhone
		{04F3501F-2A34-42DF-98B7-90A1A21CC11D}.AppStore|Any CPU.ActiveCfg = Release|Any CPU
		{04F3501F-2A34-42DF-98B7-90A1A21CC11D}.AppStore|Any CPU.Build.0 = Release|Any CPU
		{04F3501F-2A34-42DF-98B7-90A1A21CC11D}.AppStore|Any CPU.Deploy.0 = Release|Any CPU
		{04F3501F-2A34-42DF-98B7-90A1A21CC11D}.AppStore|ARM.ActiveCfg = Release|ARM
		{04F3501F-2A34-42DF-98B7-90A1A21CC11D}.AppStore|ARM.Build.0 = Release|ARM
		{04F3501F-2A34-42DF-98B7-90A1A21CC11D}.AppStore|ARM.Deploy.0 = Release|ARM
		{04F3501F-2A34-42DF-98B7-90A1A21CC11D}.AppStore|iPhone.ActiveCfg = Release|Any CPU
		{04F3501F-2A34-42DF-98B7-90A1A21CC11D}.AppStore|iPhone.Build.0 = Release|Any CPU
		{04F3501F-2A34-42DF-98B7-90A1A21CC11D}.AppStore|iPhone.Deploy.0 = Release|Any CPU
		{04F3501F-2A34-42DF-98B7-90A1A21CC11D}.AppStore|iPhoneSimulator.ActiveCfg = Release|Any CPU
		{04F3501F-2A34-42DF-98B7-90A1A21CC11D}.AppStore|iPhoneSimulator.Build.0 = Release|Any CPU
		{04F3501F-2A34-42DF-98B7-90A1A21CC11D}.AppStore|iPhoneSimulator.Deploy.0 = Release|Any CPU
		{04F3501F-2A34-42DF-98B7-90A1A21CC11D}.AppStore|x86.ActiveCfg = Release|x86
		{04F3501F-2A34-42DF-98B7-90A1A21CC11D}.AppStore|x86.Build.0 = Release|x86
		{04F3501F-2A34-42DF-98B7-90A1A21CC11D}.AppStore|x86.Deploy.0 = Release|x86
		{04F3501F-2A34-42DF-98B7-90A1A21CC11D}.Debug|Any CPU.ActiveCfg = Debug|Any CPU
		{04F3501F-2A34-42DF-98B7-90A1A21CC11D}.Debug|Any CPU.Build.0 = Debug|Any CPU
		{04F3501F-2A34-42DF-98B7-90A1A21CC11D}.Debug|Any CPU.Deploy.0 = Debug|Any CPU
		{04F3501F-2A34-42DF-98B7-90A1A21CC11D}.Debug|ARM.ActiveCfg = Debug|ARM
		{04F3501F-2A34-42DF-98B7-90A1A21CC11D}.Debug|ARM.Build.0 = Debug|ARM
		{04F3501F-2A34-42DF-98B7-90A1A21CC11D}.Debug|ARM.Deploy.0 = Debug|ARM
		{04F3501F-2A34-42DF-98B7-90A1A21CC11D}.Debug|iPhone.ActiveCfg = Debug|Any CPU
		{04F3501F-2A34-42DF-98B7-90A1A21CC11D}.Debug|iPhone.Build.0 = Debug|Any CPU
		{04F3501F-2A34-42DF-98B7-90A1A21CC11D}.Debug|iPhone.Deploy.0 = Debug|Any CPU
		{04F3501F-2A34-42DF-98B7-90A1A21CC11D}.Debug|iPhoneSimulator.ActiveCfg = Debug|Any CPU
		{04F3501F-2A34-42DF-98B7-90A1A21CC11D}.Debug|iPhoneSimulator.Build.0 = Debug|Any CPU
		{04F3501F-2A34-42DF-98B7-90A1A21CC11D}.Debug|iPhoneSimulator.Deploy.0 = Debug|Any CPU
		{04F3501F-2A34-42DF-98B7-90A1A21CC11D}.Debug|x86.ActiveCfg = Debug|x86
		{04F3501F-2A34-42DF-98B7-90A1A21CC11D}.Debug|x86.Build.0 = Debug|x86
		{04F3501F-2A34-42DF-98B7-90A1A21CC11D}.Debug|x86.Deploy.0 = Debug|x86
		{04F3501F-2A34-42DF-98B7-90A1A21CC11D}.Release|Any CPU.ActiveCfg = Release|Any CPU
		{04F3501F-2A34-42DF-98B7-90A1A21CC11D}.Release|Any CPU.Build.0 = Release|Any CPU
		{04F3501F-2A34-42DF-98B7-90A1A21CC11D}.Release|Any CPU.Deploy.0 = Release|Any CPU
		{04F3501F-2A34-42DF-98B7-90A1A21CC11D}.Release|ARM.ActiveCfg = Release|ARM
		{04F3501F-2A34-42DF-98B7-90A1A21CC11D}.Release|ARM.Build.0 = Release|ARM
		{04F3501F-2A34-42DF-98B7-90A1A21CC11D}.Release|ARM.Deploy.0 = Release|ARM
		{04F3501F-2A34-42DF-98B7-90A1A21CC11D}.Release|iPhone.ActiveCfg = Release|Any CPU
		{04F3501F-2A34-42DF-98B7-90A1A21CC11D}.Release|iPhone.Build.0 = Release|Any CPU
		{04F3501F-2A34-42DF-98B7-90A1A21CC11D}.Release|iPhone.Deploy.0 = Release|Any CPU
		{04F3501F-2A34-42DF-98B7-90A1A21CC11D}.Release|iPhoneSimulator.ActiveCfg = Release|Any CPU
		{04F3501F-2A34-42DF-98B7-90A1A21CC11D}.Release|iPhoneSimulator.Build.0 = Release|Any CPU
		{04F3501F-2A34-42DF-98B7-90A1A21CC11D}.Release|iPhoneSimulator.Deploy.0 = Release|Any CPU
		{04F3501F-2A34-42DF-98B7-90A1A21CC11D}.Release|x86.ActiveCfg = Release|x86
		{04F3501F-2A34-42DF-98B7-90A1A21CC11D}.Release|x86.Build.0 = Release|x86
		{04F3501F-2A34-42DF-98B7-90A1A21CC11D}.Release|x86.Deploy.0 = Release|x86
		{38FD12EC-DDBB-4DC7-967D-F4B1B57E902C}.AppStore|Any CPU.ActiveCfg = Release|Any CPU
		{38FD12EC-DDBB-4DC7-967D-F4B1B57E902C}.AppStore|Any CPU.Build.0 = Release|Any CPU
		{38FD12EC-DDBB-4DC7-967D-F4B1B57E902C}.AppStore|ARM.ActiveCfg = Release|Any CPU
		{38FD12EC-DDBB-4DC7-967D-F4B1B57E902C}.AppStore|ARM.Build.0 = Release|Any CPU
		{38FD12EC-DDBB-4DC7-967D-F4B1B57E902C}.AppStore|iPhone.ActiveCfg = Release|Any CPU
		{38FD12EC-DDBB-4DC7-967D-F4B1B57E902C}.AppStore|iPhone.Build.0 = Release|Any CPU
		{38FD12EC-DDBB-4DC7-967D-F4B1B57E902C}.AppStore|iPhoneSimulator.ActiveCfg = Release|Any CPU
		{38FD12EC-DDBB-4DC7-967D-F4B1B57E902C}.AppStore|iPhoneSimulator.Build.0 = Release|Any CPU
		{38FD12EC-DDBB-4DC7-967D-F4B1B57E902C}.AppStore|x86.ActiveCfg = Release|Any CPU
		{38FD12EC-DDBB-4DC7-967D-F4B1B57E902C}.AppStore|x86.Build.0 = Release|Any CPU
		{38FD12EC-DDBB-4DC7-967D-F4B1B57E902C}.Debug|Any CPU.ActiveCfg = Debug|Any CPU
		{38FD12EC-DDBB-4DC7-967D-F4B1B57E902C}.Debug|Any CPU.Build.0 = Debug|Any CPU
		{38FD12EC-DDBB-4DC7-967D-F4B1B57E902C}.Debug|ARM.ActiveCfg = Debug|Any CPU
		{38FD12EC-DDBB-4DC7-967D-F4B1B57E902C}.Debug|ARM.Build.0 = Debug|Any CPU
		{38FD12EC-DDBB-4DC7-967D-F4B1B57E902C}.Debug|iPhone.ActiveCfg = Debug|Any CPU
		{38FD12EC-DDBB-4DC7-967D-F4B1B57E902C}.Debug|iPhone.Build.0 = Debug|Any CPU
		{38FD12EC-DDBB-4DC7-967D-F4B1B57E902C}.Debug|iPhoneSimulator.ActiveCfg = Debug|Any CPU
		{38FD12EC-DDBB-4DC7-967D-F4B1B57E902C}.Debug|iPhoneSimulator.Build.0 = Debug|Any CPU
		{38FD12EC-DDBB-4DC7-967D-F4B1B57E902C}.Debug|x86.ActiveCfg = Debug|Any CPU
		{38FD12EC-DDBB-4DC7-967D-F4B1B57E902C}.Debug|x86.Build.0 = Debug|Any CPU
		{38FD12EC-DDBB-4DC7-967D-F4B1B57E902C}.Release|Any CPU.ActiveCfg = Release|Any CPU
		{38FD12EC-DDBB-4DC7-967D-F4B1B57E902C}.Release|Any CPU.Build.0 = Release|Any CPU
		{38FD12EC-DDBB-4DC7-967D-F4B1B57E902C}.Release|ARM.ActiveCfg = Release|Any CPU
		{38FD12EC-DDBB-4DC7-967D-F4B1B57E902C}.Release|ARM.Build.0 = Release|Any CPU
		{38FD12EC-DDBB-4DC7-967D-F4B1B57E902C}.Release|iPhone.ActiveCfg = Release|Any CPU
		{38FD12EC-DDBB-4DC7-967D-F4B1B57E902C}.Release|iPhone.Build.0 = Release|Any CPU
		{38FD12EC-DDBB-4DC7-967D-F4B1B57E902C}.Release|iPhoneSimulator.ActiveCfg = Release|Any CPU
		{38FD12EC-DDBB-4DC7-967D-F4B1B57E902C}.Release|iPhoneSimulator.Build.0 = Release|Any CPU
		{38FD12EC-DDBB-4DC7-967D-F4B1B57E902C}.Release|x86.ActiveCfg = Release|Any CPU
		{38FD12EC-DDBB-4DC7-967D-F4B1B57E902C}.Release|x86.Build.0 = Release|Any CPU
	EndGlobalSection
	GlobalSection(SolutionProperties) = preSolution
		HideSolutionNode = FALSE
	EndGlobalSection
EndGlobal
